
Microsoft Visual Studio Solution File, Format Version 12.00
# Visual Studio Version 16
VisualStudioVersion = 16.0.28922.388
MinimumVisualStudioVersion = 10.0.40219.1
Project("{FAE04EC0-301F-11D3-BF4B-00C04F79EFBC}") = "dc3UI", "dc3UI.csproj", "{308EBF8E-9780-4136-B353-4FD05A0C549E}"
EndProject
Global
	GlobalSection(SolutionConfigurationPlatforms) = preSolution
		Debug|Any CPU = Debug|Any CPU
		Release|Any CPU = Release|Any CPU
	EndGlobalSection
	GlobalSection(ProjectConfigurationPlatforms) = postSolution
		{308EBF8E-9780-4136-B353-4FD05A0C549E}.Debug|Any CPU.ActiveCfg = Debug|Any CPU
		{308EBF8E-9780-4136-B353-4FD05A0C549E}.Debug|Any CPU.Build.0 = Debug|Any CPU
		{308EBF8E-9780-4136-B353-4FD05A0C549E}.Release|Any CPU.ActiveCfg = Release|Any CPU
		{308EBF8E-9780-4136-B353-4FD05A0C549E}.Release|Any CPU.Build.0 = Release|Any CPU
	EndGlobalSection
	GlobalSection(SolutionProperties) = preSolution
		HideSolutionNode = FALSE
	EndGlobalSection
	GlobalSection(ExtensibilityGlobals) = postSolution
		SolutionGuid = {75E244CF-09B3-4533-AA5E-8D0A6EAA8D24}
	EndGlobalSection
EndGlobal
